
Microsoft Visual Studio Solution File, Format Version 12.00
# Visual Studio Version 17
VisualStudioVersion = 17.4.33122.133
MinimumVisualStudioVersion = 10.0.40219.1
Project("{FAE04EC0-301F-11D3-BF4B-00C04F79EFBC}") = "CityInfo.API", "CityInfo.API\CityInfo.API.csproj", "{3B88133E-84B4-4253-BC82-2BF4E2FE2F5D}"
EndProject
Global
	GlobalSection(SolutionConfigurationPlatforms) = preSolution
		Debug|Any CPU = Debug|Any CPU
		Release|Any CPU = Release|Any CPU
	EndGlobalSection
	GlobalSection(ProjectConfigurationPlatforms) = postSolution
		{3B88133E-84B4-4253-BC82-2BF4E2FE2F5D}.Debug|Any CPU.ActiveCfg = Debug|Any CPU
		{3B88133E-84B4-4253-BC82-2BF4E2FE2F5D}.Debug|Any CPU.Build.0 = Debug|Any CPU
		{3B88133E-84B4-4253-BC82-2BF4E2FE2F5D}.Release|Any CPU.ActiveCfg = Release|Any CPU
		{3B88133E-84B4-4253-BC82-2BF4E2FE2F5D}.Release|Any CPU.Build.0 = Release|Any CPU
	EndGlobalSection
	GlobalSection(SolutionProperties) = preSolution
		HideSolutionNode = FALSE
	EndGlobalSection
	GlobalSection(ExtensibilityGlobals) = postSolution
		SolutionGuid = {ACEEC12F-8DF4-4F7E-95ED-6191CBD89270}
	EndGlobalSection
EndGlobal
